
Microsoft Visual Studio Solution File, Format Version 12.00
# Visual Studio Version 17
VisualStudioVersion = 17.13.36105.23
MinimumVisualStudioVersion = 10.0.40219.1
Project("{E53339B2-1760-4266-BCC7-CA923CBCF16C}") = "docker-compose", "docker-compose.dcproj", "{81DDED9D-158B-E303-5F62-77A2896D2A5A}"
EndProject
Project("{FAE04EC0-301F-11D3-BF4B-00C04F79EFBC}") = "Kafka.Abstractions", "Kafka.Abstractions\Kafka.Abstractions.csproj", "{44237236-36C8-485E-A351-702DB1F790F4}"
EndProject
Project("{2150E333-8FDC-42A3-9474-1A3956D46DE8}") = "lib", "lib", "{3B48B080-69E9-4B1C-AD96-30C31278D577}"
EndProject
Project("{FAE04EC0-301F-11D3-BF4B-00C04F79EFBC}") = "Kafka", "Kafka\Kafka.csproj", "{41D23DD1-E605-42C3-AA25-9CE245E14B36}"
EndProject
Project("{2150E333-8FDC-42A3-9474-1A3956D46DE8}") = "src", "src", "{BDF8D571-B26F-42CC-9E7F-969670191D7A}"
EndProject
Project("{FAE04EC0-301F-11D3-BF4B-00C04F79EFBC}") = "Contracts", "Contracts\Contracts.csproj", "{ECD1E636-49B9-4792-9F58-EC69923D9773}"
EndProject
Project("{FAE04EC0-301F-11D3-BF4B-00C04F79EFBC}") = "TodoItems", "TodoItems\TodoItems.csproj", "{76CB09C5-E890-4D1F-AF96-264D03B3DDC1}"
EndProject
Project("{FAE04EC0-301F-11D3-BF4B-00C04F79EFBC}") = "Notifications", "Notifications\Notifications.csproj", "{49662CAC-710F-4E36-AF5B-F07D84AA9E11}"
EndProject
Project("{FAE04EC0-301F-11D3-BF4B-00C04F79EFBC}") = "History", "History\History.csproj", "{2D0EE8B5-EEB7-438F-9E4A-E7D374AED4B2}"
EndProject
Global
	GlobalSection(SolutionConfigurationPlatforms) = preSolution
		Debug|Any CPU = Debug|Any CPU
		Release|Any CPU = Release|Any CPU
	EndGlobalSection
	GlobalSection(ProjectConfigurationPlatforms) = postSolution
		{81DDED9D-158B-E303-5F62-77A2896D2A5A}.Debug|Any CPU.ActiveCfg = Debug|Any CPU
		{81DDED9D-158B-E303-5F62-77A2896D2A5A}.Debug|Any CPU.Build.0 = Debug|Any CPU
		{81DDED9D-158B-E303-5F62-77A2896D2A5A}.Release|Any CPU.ActiveCfg = Release|Any CPU
		{81DDED9D-158B-E303-5F62-77A2896D2A5A}.Release|Any CPU.Build.0 = Release|Any CPU
		{44237236-36C8-485E-A351-702DB1F790F4}.Debug|Any CPU.ActiveCfg = Debug|Any CPU
		{44237236-36C8-485E-A351-702DB1F790F4}.Debug|Any CPU.Build.0 = Debug|Any CPU
		{44237236-36C8-485E-A351-702DB1F790F4}.Release|Any CPU.ActiveCfg = Release|Any CPU
		{44237236-36C8-485E-A351-702DB1F790F4}.Release|Any CPU.Build.0 = Release|Any CPU
		{41D23DD1-E605-42C3-AA25-9CE245E14B36}.Debug|Any CPU.ActiveCfg = Debug|Any CPU
		{41D23DD1-E605-42C3-AA25-9CE245E14B36}.Debug|Any CPU.Build.0 = Debug|Any CPU
		{41D23DD1-E605-42C3-AA25-9CE245E14B36}.Release|Any CPU.ActiveCfg = Release|Any CPU
		{41D23DD1-E605-42C3-AA25-9CE245E14B36}.Release|Any CPU.Build.0 = Release|Any CPU
		{ECD1E636-49B9-4792-9F58-EC69923D9773}.Debug|Any CPU.ActiveCfg = Debug|Any CPU
		{ECD1E636-49B9-4792-9F58-EC69923D9773}.Debug|Any CPU.Build.0 = Debug|Any CPU
		{ECD1E636-49B9-4792-9F58-EC69923D9773}.Release|Any CPU.ActiveCfg = Release|Any CPU
		{ECD1E636-49B9-4792-9F58-EC69923D9773}.Release|Any CPU.Build.0 = Release|Any CPU
		{76CB09C5-E890-4D1F-AF96-264D03B3DDC1}.Debug|Any CPU.ActiveCfg = Debug|Any CPU
		{76CB09C5-E890-4D1F-AF96-264D03B3DDC1}.Debug|Any CPU.Build.0 = Debug|Any CPU
		{76CB09C5-E890-4D1F-AF96-264D03B3DDC1}.Release|Any CPU.ActiveCfg = Release|Any CPU
		{76CB09C5-E890-4D1F-AF96-264D03B3DDC1}.Release|Any CPU.Build.0 = Release|Any CPU
		{49662CAC-710F-4E36-AF5B-F07D84AA9E11}.Debug|Any CPU.ActiveCfg = Debug|Any CPU
		{49662CAC-710F-4E36-AF5B-F07D84AA9E11}.Debug|Any CPU.Build.0 = Debug|Any CPU
		{49662CAC-710F-4E36-AF5B-F07D84AA9E11}.Release|Any CPU.ActiveCfg = Release|Any CPU
		{49662CAC-710F-4E36-AF5B-F07D84AA9E11}.Release|Any CPU.Build.0 = Release|Any CPU
		{2D0EE8B5-EEB7-438F-9E4A-E7D374AED4B2}.Debug|Any CPU.ActiveCfg = Debug|Any CPU
		{2D0EE8B5-EEB7-438F-9E4A-E7D374AED4B2}.Debug|Any CPU.Build.0 = Debug|Any CPU
		{2D0EE8B5-EEB7-438F-9E4A-E7D374AED4B2}.Release|Any CPU.ActiveCfg = Release|Any CPU
		{2D0EE8B5-EEB7-438F-9E4A-E7D374AED4B2}.Release|Any CPU.Build.0 = Release|Any CPU
	EndGlobalSection
	GlobalSection(SolutionProperties) = preSolution
		HideSolutionNode = FALSE
	EndGlobalSection
	GlobalSection(ExtensibilityGlobals) = postSolution
		SolutionGuid = {A8A0491F-8D60-4C81-9007-A4A50286C125}
	EndGlobalSection
	GlobalSection(NestedProjects) = preSolution
		{44237236-36C8-485E-A351-702DB1F790F4} = {3B48B080-69E9-4B1C-AD96-30C31278D577}
		{41D23DD1-E605-42C3-AA25-9CE245E14B36} = {3B48B080-69E9-4B1C-AD96-30C31278D577}
		{ECD1E636-49B9-4792-9F58-EC69923D9773} = {BDF8D571-B26F-42CC-9E7F-969670191D7A}
		{76CB09C5-E890-4D1F-AF96-264D03B3DDC1} = {BDF8D571-B26F-42CC-9E7F-969670191D7A}
		{49662CAC-710F-4E36-AF5B-F07D84AA9E11} = {BDF8D571-B26F-42CC-9E7F-969670191D7A}
		{2D0EE8B5-EEB7-438F-9E4A-E7D374AED4B2} = {BDF8D571-B26F-42CC-9E7F-969670191D7A}
	EndGlobalSection
EndGlobal
